// !$*UTF8*$!
{
	archiveVersion = 1;
	classes = {
	};
	objectVersion = 77;
	objects = {

/* Begin PBXContainerItemProxy section */
		3E89F5162E057FF300387C74 /* PBXContainerItemProxy */ = {
			isa = PBXContainerItemProxy;
			containerPortal = 3E89F4FD2E057FF200387C74 /* Project object */;
			proxyType = 1;
			remoteGlobalIDString = 3E89F5042E057FF200387C74;
			remoteInfo = "doc-retrival-agent";
		};
		3E89F5202E057FF300387C74 /* PBXContainerItemProxy */ = {
			isa = PBXContainerItemProxy;
			containerPortal = 3E89F4FD2E057FF200387C74 /* Project object */;
			proxyType = 1;
			remoteGlobalIDString = 3E89F5042E057FF200387C74;
			remoteInfo = "doc-retrival-agent";
		};
/* End PBXContainerItemProxy section */

/* Begin PBXFileReference section */
		3E89F5052E057FF200387C74 /* doc-retrival-agent.app */ = {isa = PBXFileReference; explicitFileType = wrapper.application; includeInIndex = 0; path = "doc-retrival-agent.app"; sourceTree = BUILT_PRODUCTS_DIR; };
		3E89F5152E057FF300387C74 /* doc-retrival-agentTests.xctest */ = {isa = PBXFileReference; explicitFileType = wrapper.cfbundle; includeInIndex = 0; path = "doc-retrival-agentTests.xctest"; sourceTree = BUILT_PRODUCTS_DIR; };
		3E89F51F2E057FF300387C74 /* doc-retrival-agentUITests.xctest */ = {isa = PBXFileReference; explicitFileType = wrapper.cfbundle; includeInIndex = 0; path = "doc-retrival-agentUITests.xctest"; sourceTree = BUILT_PRODUCTS_DIR; };
/* End PBXFileReference section */

/* Begin PBXFileSystemSynchronizedRootGroup section */
		3E89F5072E057FF200387C74 /* doc-retrival-agent */ = {
			isa = PBXFileSystemSynchronizedRootGroup;
			path = "doc-retrival-agent";
			sourceTree = "<group>";
		};
		3E89F5182E057FF300387C74 /* doc-retrival-agentTests */ = {
			isa = PBXFileSystemSynchronizedRootGroup;
			path = "doc-retrival-agentTests";
			sourceTree = "<group>";
		};
		3E89F5222E057FF300387C74 /* doc-retrival-agentUITests */ = {
			isa = PBXFileSystemSynchronizedRootGroup;
			path = "doc-retrival-agentUITests";
			sourceTree = "<group>";
		};
/* End PBXFileSystemSynchronizedRootGroup section */

/* Begin PBXFrameworksBuildPhase section */
		3E89F5022E057FF200387C74 /* Frameworks */ = {
			isa = PBXFrameworksBuildPhase;
			buildActionMask = 2147483647;
			files = (
			);
			runOnlyForDeploymentPostprocessing = 0;
		};
		3E89F5122E057FF300387C74 /* Frameworks */ = {
			isa = PBXFrameworksBuildPhase;
			buildActionMask = 2147483647;
			files = (
			);
			runOnlyForDeploymentPostprocessing = 0;
		};
		3E89F51C2E057FF300387C74 /* Frameworks */ = {
			isa = PBXFrameworksBuildPhase;
			buildActionMask = 2147483647;
			files = (
			);
			runOnlyForDeploymentPostprocessing = 0;
		};
/* End PBXFrameworksBuildPhase section */

/* Begin PBXGroup section */
		3E89F4FC2E057FF200387C74 = {
			isa = PBXGroup;
			children = (
				3E89F5072E057FF200387C74 /* doc-retrival-agent */,
				3E89F5182E057FF300387C74 /* doc-retrival-agentTests */,
				3E89F5222E057FF300387C74 /* doc-retrival-agentUITests */,
				3E89F5062E057FF200387C74 /* Products */,
			);
			sourceTree = "<group>";
		};
		3E89F5062E057FF200387C74 /* Products */ = {
			isa = PBXGroup;
			children = (
				3E89F5052E057FF200387C74 /* doc-retrival-agent.app */,
				3E89F5152E057FF300387C74 /* doc-retrival-agentTests.xctest */,
				3E89F51F2E057FF300387C74 /* doc-retrival-agentUITests.xctest */,
			);
			name = Products;
			sourceTree = "<group>";
		};
/* End PBXGroup section */

/* Begin PBXNativeTarget section */
		3E89F5042E057FF200387C74 /* doc-retrival-agent */ = {
			isa = PBXNativeTarget;
			buildConfigurationList = 3E89F5292E057FF300387C74 /* Build configuration list for PBXNativeTarget "doc-retrival-agent" */;
			buildPhases = (
				3E89F5012E057FF200387C74 /* Sources */,
				3E89F5022E057FF200387C74 /* Frameworks */,
				3E89F5032E057FF200387C74 /* Resources */,
			);
			buildRules = (
			);
			dependencies = (
			);
			fileSystemSynchronizedGroups = (
				3E89F5072E057FF200387C74 /* doc-retrival-agent */,
			);
			name = "doc-retrival-agent";
			packageProductDependencies = (
			);
			productName = "doc-retrival-agent";
			productReference = 3E89F5052E057FF200387C74 /* doc-retrival-agent.app */;
			productType = "com.apple.product-type.application";
		};
		3E89F5142E057FF300387C74 /* doc-retrival-agentTests */ = {
			isa = PBXNativeTarget;
			buildConfigurationList = 3E89F52C2E057FF300387C74 /* Build configuration list for PBXNativeTarget "doc-retrival-agentTests" */;
			buildPhases = (
				3E89F5112E057FF300387C74 /* Sources */,
				3E89F5122E057FF300387C74 /* Frameworks */,
				3E89F5132E057FF300387C74 /* Resources */,
			);
			buildRules = (
			);
			dependencies = (
				3E89F5172E057FF300387C74 /* PBXTargetDependency */,
			);
			fileSystemSynchronizedGroups = (
				3E89F5182E057FF300387C74 /* doc-retrival-agentTests */,
			);
			name = "doc-retrival-agentTests";
			packageProductDependencies = (
			);
			productName = "doc-retrival-agentTests";
			productReference = 3E89F5152E057FF300387C74 /* doc-retrival-agentTests.xctest */;
			productType = "com.apple.product-type.bundle.unit-test";
		};
		3E89F51E2E057FF300387C74 /* doc-retrival-agentUITests */ = {
			isa = PBXNativeTarget;
			buildConfigurationList = 3E89F52F2E057FF300387C74 /* Build configuration list for PBXNativeTarget "doc-retrival-agentUITests" */;
			buildPhases = (
				3E89F51B2E057FF300387C74 /* Sources */,
				3E89F51C2E057FF300387C74 /* Frameworks */,
				3E89F51D2E057FF300387C74 /* Resources */,
			);
			buildRules = (
			);
			dependencies = (
				3E89F5212E057FF300387C74 /* PBXTargetDependency */,
			);
			fileSystemSynchronizedGroups = (
				3E89F5222E057FF300387C74 /* doc-retrival-agentUITests */,
			);
			name = "doc-retrival-agentUITests";
			packageProductDependencies = (
			);
			productName = "doc-retrival-agentUITests";
			productReference = 3E89F51F2E057FF300387C74 /* doc-retrival-agentUITests.xctest */;
			productType = "com.apple.product-type.bundle.ui-testing";
		};
/* End PBXNativeTarget section */

/* Begin PBXProject section */
		3E89F4FD2E057FF200387C74 /* Project object */ = {
			isa = PBXProject;
			attributes = {
				BuildIndependentTargetsInParallel = 1;
				LastSwiftUpdateCheck = 1620;
				LastUpgradeCheck = 1620;
				TargetAttributes = {
					3E89F5042E057FF200387C74 = {
						CreatedOnToolsVersion = 16.2;
					};
					3E89F5142E057FF300387C74 = {
						CreatedOnToolsVersion = 16.2;
						TestTargetID = 3E89F5042E057FF200387C74;
					};
					3E89F51E2E057FF300387C74 = {
						CreatedOnToolsVersion = 16.2;
						TestTargetID = 3E89F5042E057FF200387C74;
					};
				};
			};
			buildConfigurationList = 3E89F5002E057FF200387C74 /* Build configuration list for PBXProject "doc-retrival-agent" */;
			developmentRegion = en;
			hasScannedForEncodings = 0;
			knownRegions = (
				en,
				Base,
			);
			mainGroup = 3E89F4FC2E057FF200387C74;
			minimizedProjectReferenceProxies = 1;
			preferredProjectObjectVersion = 77;
			productRefGroup = 3E89F5062E057FF200387C74 /* Products */;
			projectDirPath = "";
			projectRoot = "";
			targets = (
				3E89F5042E057FF200387C74 /* doc-retrival-agent */,
				3E89F5142E057FF300387C74 /* doc-retrival-agentTests */,
				3E89F51E2E057FF300387C74 /* doc-retrival-agentUITests */,
			);
		};
/* End PBXProject section */

/* Begin PBXResourcesBuildPhase section */
		3E89F5032E057FF200387C74 /* Resources */ = {
			isa = PBXResourcesBuildPhase;
			buildActionMask = 2147483647;
			files = (
			);
			runOnlyForDeploymentPostprocessing = 0;
		};
		3E89F5132E057FF300387C74 /* Resources */ = {
			isa = PBXResourcesBuildPhase;
			buildActionMask = 2147483647;
			files = (
			);
			runOnlyForDeploymentPostprocessing = 0;
		};
		3E89F51D2E057FF300387C74 /* Resources */ = {
			isa = PBXResourcesBuildPhase;
			buildActionMask = 2147483647;
			files = (
			);
			runOnlyForDeploymentPostprocessing = 0;
		};
/* End PBXResourcesBuildPhase section */

/* Begin PBXSourcesBuildPhase section */
		3E89F5012E057FF200387C74 /* Sources */ = {
			isa = PBXSourcesBuildPhase;
			buildActionMask = 2147483647;
			files = (
			);
			runOnlyForDeploymentPostprocessing = 0;
		};
		3E89F5112E057FF300387C74 /* Sources */ = {
			isa = PBXSourcesBuildPhase;
			buildActionMask = 2147483647;
			files = (
			);
			runOnlyForDeploymentPostprocessing = 0;
		};
		3E89F51B2E057FF300387C74 /* Sources */ = {
			isa = PBXSourcesBuildPhase;
			buildActionMask = 2147483647;
			files = (
			);
			runOnlyForDeploymentPostprocessing = 0;
		};
/* End PBXSourcesBuildPhase section */

/* Begin PBXTargetDependency section */
		3E89F5172E057FF300387C74 /* PBXTargetDependency */ = {
			isa = PBXTargetDependency;
			target = 3E89F5042E057FF200387C74 /* doc-retrival-agent */;
			targetProxy = 3E89F5162E057FF300387C74 /* PBXContainerItemProxy */;
		};
		3E89F5212E057FF300387C74 /* PBXTargetDependency */ = {
			isa = PBXTargetDependency;
			target = 3E89F5042E057FF200387C74 /* doc-retrival-agent */;
			targetProxy = 3E89F5202E057FF300387C74 /* PBXContainerItemProxy */;
		};
/* End PBXTargetDependency section */

/* Begin XCBuildConfiguration section */
		3E89F5272E057FF300387C74 /* Debug */ = {
			isa = XCBuildConfiguration;
			buildSettings = {
				ALWAYS_SEARCH_USER_PATHS = NO;
				ASSETCATALOG_COMPILER_GENERATE_SWIFT_ASSET_SYMBOL_EXTENSIONS = YES;
				CLANG_ANALYZER_NONNULL = YES;
				CLANG_ANALYZER_NUMBER_OBJECT_CONVERSION = YES_AGGRESSIVE;
				CLANG_CXX_LANGUAGE_STANDARD = "gnu++20";
				CLANG_ENABLE_MODULES = YES;
				CLANG_ENABLE_OBJC_ARC = YES;
				CLANG_ENABLE_OBJC_WEAK = YES;
				CLANG_WARN_BLOCK_CAPTURE_AUTORELEASING = YES;
				CLANG_WARN_BOOL_CONVERSION = YES;
				CLANG_WARN_COMMA = YES;
				CLANG_WARN_CONSTANT_CONVERSION = YES;
				CLANG_WARN_DEPRECATED_OBJC_IMPLEMENTATIONS = YES;
				CLANG_WARN_DIRECT_OBJC_ISA_USAGE = YES_ERROR;
				CLANG_WARN_DOCUMENTATION_COMMENTS = YES;
				CLANG_WARN_EMPTY_BODY = YES;
				CLANG_WARN_ENUM_CONVERSION = YES;
				CLANG_WARN_INFINITE_RECURSION = YES;
				CLANG_WARN_INT_CONVERSION = YES;
				CLANG_WARN_NON_LITERAL_NULL_CONVERSION = YES;
				CLANG_WARN_OBJC_IMPLICIT_RETAIN_SELF = YES;
				CLANG_WARN_OBJC_LITERAL_CONVERSION = YES;
				CLANG_WARN_OBJC_ROOT_CLASS = YES_ERROR;
				CLANG_WARN_QUOTED_INCLUDE_IN_FRAMEWORK_HEADER = YES;
				CLANG_WARN_RANGE_LOOP_ANALYSIS = YES;
				CLANG_WARN_STRICT_PROTOTYPES = YES;
				CLANG_WARN_SUSPICIOUS_MOVE = YES;
				CLANG_WARN_UNGUARDED_AVAILABILITY = YES_AGGRESSIVE;
				CLANG_WARN_UNREACHABLE_CODE = YES;
				CLANG_WARN__DUPLICATE_METHOD_MATCH = YES;
				COPY_PHASE_STRIP = NO;
				DEBUG_INFORMATION_FORMAT = dwarf;
				ENABLE_STRICT_OBJC_MSGSEND = YES;
				ENABLE_TESTABILITY = YES;
				ENABLE_USER_SCRIPT_SANDBOXING = YES;
				GCC_C_LANGUAGE_STANDARD = gnu17;
				GCC_DYNAMIC_NO_PIC = NO;
				GCC_NO_COMMON_BLOCKS = YES;
				GCC_OPTIMIZATION_LEVEL = 0;
				GCC_PREPROCESSOR_DEFINITIONS = (
					"DEBUG=1",
					"$(inherited)",
				);
				GCC_WARN_64_TO_32_BIT_CONVERSION = YES;
				GCC_WARN_ABOUT_RETURN_TYPE = YES_ERROR;
				GCC_WARN_UNDECLARED_SELECTOR = YES;
				GCC_WARN_UNINITIALIZED_AUTOS = YES_AGGRESSIVE;
				GCC_WARN_UNUSED_FUNCTION = YES;
				GCC_WARN_UNUSED_VARIABLE = YES;
				IPHONEOS_DEPLOYMENT_TARGET = 18.2;
				LOCALIZATION_PREFERS_STRING_CATALOGS = YES;
				MTL_ENABLE_DEBUG_INFO = INCLUDE_SOURCE;
				MTL_FAST_MATH = YES;
				ONLY_ACTIVE_ARCH = YES;
				SDKROOT = iphoneos;
				SWIFT_ACTIVE_COMPILATION_CONDITIONS = "DEBUG $(inherited)";
				SWIFT_OPTIMIZATION_LEVEL = "-Onone";
			};
			name = Debug;
		};
		3E89F5282E057FF300387C74 /* Release */ = {
			isa = XCBuildConfiguration;
			buildSettings = {
				ALWAYS_SEARCH_USER_PATHS = NO;
				ASSETCATALOG_COMPILER_GENERATE_SWIFT_ASSET_SYMBOL_EXTENSIONS = YES;
				CLANG_ANALYZER_NONNULL = YES;
				CLANG_ANALYZER_NUMBER_OBJECT_CONVERSION = YES_AGGRESSIVE;
				CLANG_CXX_LANGUAGE_STANDARD = "gnu++20";
				CLANG_ENABLE_MODULES = YES;
				CLANG_ENABLE_OBJC_ARC = YES;
				CLANG_ENABLE_OBJC_WEAK = YES;
				CLANG_WARN_BLOCK_CAPTURE_AUTORELEASING = YES;
				CLANG_WARN_BOOL_CONVERSION = YES;
				CLANG_WARN_COMMA = YES;
				CLANG_WARN_CONSTANT_CONVERSION = YES;
				CLANG_WARN_DEPRECATED_OBJC_IMPLEMENTATIONS = YES;
				CLANG_WARN_DIRECT_OBJC_ISA_USAGE = YES_ERROR;
				CLANG_WARN_DOCUMENTATION_COMMENTS = YES;
				CLANG_WARN_EMPTY_BODY = YES;
				CLANG_WARN_ENUM_CONVERSION = YES;
				CLANG_WARN_INFINITE_RECURSION = YES;
				CLANG_WARN_INT_CONVERSION = YES;
				CLANG_WARN_NON_LITERAL_NULL_CONVERSION = YES;
				CLANG_WARN_OBJC_IMPLICIT_RETAIN_SELF = YES;
				CLANG_WARN_OBJC_LITERAL_CONVERSION = YES;
				CLANG_WARN_OBJC_ROOT_CLASS = YES_ERROR;
				CLANG_WARN_QUOTED_INCLUDE_IN_FRAMEWORK_HEADER = YES;
				CLANG_WARN_RANGE_LOOP_ANALYSIS = YES;
				CLANG_WARN_STRICT_PROTOTYPES = YES;
				CLANG_WARN_SUSPICIOUS_MOVE = YES;
				CLANG_WARN_UNGUARDED_AVAILABILITY = YES_AGGRESSIVE;
				CLANG_WARN_UNREACHABLE_CODE = YES;
				CLANG_WARN__DUPLICATE_METHOD_MATCH = YES;
				COPY_PHASE_STRIP = NO;
				DEBUG_INFORMATION_FORMAT = "dwarf-with-dsym";
				ENABLE_NS_ASSERTIONS = NO;
				ENABLE_STRICT_OBJC_MSGSEND = YES;
				ENABLE_USER_SCRIPT_SANDBOXING = YES;
				GCC_C_LANGUAGE_STANDARD = gnu17;
				GCC_NO_COMMON_BLOCKS = YES;
				GCC_WARN_64_TO_32_BIT_CONVERSION = YES;
				GCC_WARN_ABOUT_RETURN_TYPE = YES_ERROR;
				GCC_WARN_UNDECLARED_SELECTOR = YES;
				GCC_WARN_UNINITIALIZED_AUTOS = YES_AGGRESSIVE;
				GCC_WARN_UNUSED_FUNCTION = YES;
				GCC_WARN_UNUSED_VARIABLE = YES;
				IPHONEOS_DEPLOYMENT_TARGET = 18.2;
				LOCALIZATION_PREFERS_STRING_CATALOGS = YES;
				MTL_ENABLE_DEBUG_INFO = NO;
				MTL_FAST_MATH = YES;
				SDKROOT = iphoneos;
				SWIFT_COMPILATION_MODE = wholemodule;
				VALIDATE_PRODUCT = YES;
			};
			name = Release;
		};
		3E89F52A2E057FF300387C74 /* Debug */ = {
			isa = XCBuildConfiguration;
			buildSettings = {
				ASSETCATALOG_COMPILER_APPICON_NAME = AppIcon;
				ASSETCATALOG_COMPILER_GLOBAL_ACCENT_COLOR_NAME = AccentColor;
				CODE_SIGN_STYLE = Automatic;
				CURRENT_PROJECT_VERSION = 1;
				DEVELOPMENT_ASSET_PATHS = "\"doc-retrival-agent/Preview Content\"";
				ENABLE_PREVIEWS = YES;
				GENERATE_INFOPLIST_FILE = YES;
				INFOPLIST_KEY_UIApplicationSceneManifest_Generation = YES;
				INFOPLIST_KEY_UIApplicationSupportsIndirectInputEvents = YES;
				INFOPLIST_KEY_UILaunchScreen_Generation = YES;
				INFOPLIST_KEY_UISupportedInterfaceOrientations_iPad = "UIInterfaceOrientationPortrait UIInterfaceOrientationPortraitUpsideDown UIInterfaceOrientationLandscapeLeft UIInterfaceOrientationLandscapeRight";
				INFOPLIST_KEY_UISupportedInterfaceOrientations_iPhone = "UIInterfaceOrientationPortrait UIInterfaceOrientationLandscapeLeft UIInterfaceOrientationLandscapeRight";
				LD_RUNPATH_SEARCH_PATHS = (
					"$(inherited)",
					"@executable_path/Frameworks",
				);
				MARKETING_VERSION = 1.0;
				PRODUCT_BUNDLE_IDENTIFIER = "com.google.doc-retrival-agent";
				PRODUCT_NAME = "$(TARGET_NAME)";
				SWIFT_EMIT_LOC_STRINGS = YES;
				SWIFT_VERSION = 5.0;
				TARGETED_DEVICE_FAMILY = "1,2";
			};
			name = Debug;
		};
		3E89F52B2E057FF300387C74 /* Release */ = {
			isa = XCBuildConfiguration;
			buildSettings = {
				ASSETCATALOG_COMPILER_APPICON_NAME = AppIcon;
				ASSETCATALOG_COMPILER_GLOBAL_ACCENT_COLOR_NAME = AccentColor;
				CODE_SIGN_STYLE = Automatic;
				CURRENT_PROJECT_VERSION = 1;
				DEVELOPMENT_ASSET_PATHS = "\"doc-retrival-agent/Preview Content\"";
				ENABLE_PREVIEWS = YES;
				GENERATE_INFOPLIST_FILE = YES;
				INFOPLIST_KEY_UIApplicationSceneManifest_Generation = YES;
				INFOPLIST_KEY_UIApplicationSupportsIndirectInputEvents = YES;
				INFOPLIST_KEY_UILaunchScreen_Generation = YES;
				INFOPLIST_KEY_UISupportedInterfaceOrientations_iPad = "UIInterfaceOrientationPortrait UIInterfaceOrientationPortraitUpsideDown UIInterfaceOrientationLandscapeLeft UIInterfaceOrientationLandscapeRight";
				INFOPLIST_KEY_UISupportedInterfaceOrientations_iPhone = "UIInterfaceOrientationPortrait UIInterfaceOrientationLandscapeLeft UIInterfaceOrientationLandscapeRight";
				LD_RUNPATH_SEARCH_PATHS = (
					"$(inherited)",
					"@executable_path/Frameworks",
				);
				MARKETING_VERSION = 1.0;
				PRODUCT_BUNDLE_IDENTIFIER = "com.google.doc-retrival-agent";
				PRODUCT_NAME = "$(TARGET_NAME)";
				SWIFT_EMIT_LOC_STRINGS = YES;
				SWIFT_VERSION = 5.0;
				TARGETED_DEVICE_FAMILY = "1,2";
			};
			name = Release;
		};
		3E89F52D2E057FF300387C74 /* Debug */ = {
			isa = XCBuildConfiguration;
			buildSettings = {
				BUNDLE_LOADER = "$(TEST_HOST)";
				CODE_SIGN_STYLE = Automatic;
				CURRENT_PROJECT_VERSION = 1;
				GENERATE_INFOPLIST_FILE = YES;
				IPHONEOS_DEPLOYMENT_TARGET = 18.2;
				MARKETING_VERSION = 1.0;
				PRODUCT_BUNDLE_IDENTIFIER = "com.google.doc-retrival-agentTests";
				PRODUCT_NAME = "$(TARGET_NAME)";
				SWIFT_EMIT_LOC_STRINGS = NO;
				SWIFT_VERSION = 5.0;
				TARGETED_DEVICE_FAMILY = "1,2";
				TEST_HOST = "$(BUILT_PRODUCTS_DIR)/doc-retrival-agent.app/$(BUNDLE_EXECUTABLE_FOLDER_PATH)/doc-retrival-agent";
			};
			name = Debug;
		};
		3E89F52E2E057FF300387C74 /* Release */ = {
			isa = XCBuildConfiguration;
			buildSettings = {
				BUNDLE_LOADER = "$(TEST_HOST)";
				CODE_SIGN_STYLE = Automatic;
				CURRENT_PROJECT_VERSION = 1;
				GENERATE_INFOPLIST_FILE = YES;
				IPHONEOS_DEPLOYMENT_TARGET = 18.2;
				MARKETING_VERSION = 1.0;
				PRODUCT_BUNDLE_IDENTIFIER = "com.google.doc-retrival-agentTests";
				PRODUCT_NAME = "$(TARGET_NAME)";
				SWIFT_EMIT_LOC_STRINGS = NO;
				SWIFT_VERSION = 5.0;
				TARGETED_DEVICE_FAMILY = "1,2";
				TEST_HOST = "$(BUILT_PRODUCTS_DIR)/doc-retrival-agent.app/$(BUNDLE_EXECUTABLE_FOLDER_PATH)/doc-retrival-agent";
			};
			name = Release;
		};
		3E89F5302E057FF300387C74 /* Debug */ = {
			isa = XCBuildConfiguration;
			buildSettings = {
				CODE_SIGN_STYLE = Automatic;
				CURRENT_PROJECT_VERSION = 1;
				GENERATE_INFOPLIST_FILE = YES;
				MARKETING_VERSION = 1.0;
				PRODUCT_BUNDLE_IDENTIFIER = "com.google.doc-retrival-agentUITests";
				PRODUCT_NAME = "$(TARGET_NAME)";
				SWIFT_EMIT_LOC_STRINGS = NO;
				SWIFT_VERSION = 5.0;
				TARGETED_DEVICE_FAMILY = "1,2";
				TEST_TARGET_NAME = "doc-retrival-agent";
			};
			name = Debug;
		};
		3E89F5312E057FF300387C74 /* Release */ = {
			isa = XCBuildConfiguration;
			buildSettings = {
				CODE_SIGN_STYLE = Automatic;
				CURRENT_PROJECT_VERSION = 1;
				GENERATE_INFOPLIST_FILE = YES;
				MARKETING_VERSION = 1.0;
				PRODUCT_BUNDLE_IDENTIFIER = "com.google.doc-retrival-agentUITests";
				PRODUCT_NAME = "$(TARGET_NAME)";
				SWIFT_EMIT_LOC_STRINGS = NO;
				SWIFT_VERSION = 5.0;
				TARGETED_DEVICE_FAMILY = "1,2";
				TEST_TARGET_NAME = "doc-retrival-agent";
			};
			name = Release;
		};
/* End XCBuildConfiguration section */

/* Begin XCConfigurationList section */
		3E89F5002E057FF200387C74 /* Build configuration list for PBXProject "doc-retrival-agent" */ = {
			isa = XCConfigurationList;
			buildConfigurations = (
				3E89F5272E057FF300387C74 /* Debug */,
				3E89F5282E057FF300387C74 /* Release */,
			);
			defaultConfigurationIsVisible = 0;
			defaultConfigurationName = Release;
		};
		3E89F5292E057FF300387C74 /* Build configuration list for PBXNativeTarget "doc-retrival-agent" */ = {
			isa = XCConfigurationList;
			buildConfigurations = (
				3E89F52A2E057FF300387C74 /* Debug */,
				3E89F52B2E057FF300387C74 /* Release */,
			);
			defaultConfigurationIsVisible = 0;
			defaultConfigurationName = Release;
		};
		3E89F52C2E057FF300387C74 /* Build configuration list for PBXNativeTarget "doc-retrival-agentTests" */ = {
			isa = XCConfigurationList;
			buildConfigurations = (
				3E89F52D2E057FF300387C74 /* Debug */,
				3E89F52E2E057FF300387C74 /* Release */,
			);
			defaultConfigurationIsVisible = 0;
			defaultConfigurationName = Release;
		};
		3E89F52F2E057FF300387C74 /* Build configuration list for PBXNativeTarget "doc-retrival-agentUITests" */ = {
			isa = XCConfigurationList;
			buildConfigurations = (
				3E89F5302E057FF300387C74 /* Debug */,
				3E89F5312E057FF300387C74 /* Release */,
			);
			defaultConfigurationIsVisible = 0;
			defaultConfigurationName = Release;
		};
/* End XCConfigurationList section */
	};
	rootObject = 3E89F4FD2E057FF200387C74 /* Project object */;
}
